
Microsoft Visual Studio Solution File, Format Version 12.00
# Visual Studio Version 16
VisualStudioVersion = 16.0.31019.35
MinimumVisualStudioVersion = 10.0.40219.1
Project("{9A19103F-16F7-4668-BE54-9A1E7A4F7556}") = "presentationLayer", "presentationLayer\presentationLayer.csproj", "{0C1CB257-FB35-458F-BAF6-B85BED9104D0}"
EndProject
Project("{9A19103F-16F7-4668-BE54-9A1E7A4F7556}") = "DataLayer", "DataLayer\DataLayer.csproj", "{DC0E8983-18FF-4626-A828-602CCDDC71DD}"
EndProject
Project("{2150E333-8FDC-42A3-9474-1A3956D46DE8}") = "PROCS", "PROCS", "{742BE869-62C0-4149-AF08-A900913E0394}"
	ProjectSection(SolutionItems) = preProject
		..\..\..\OneDrive\Documents\SQL Server Management Studio\Create_Procedures.sql = ..\..\..\OneDrive\Documents\SQL Server Management Studio\Create_Procedures.sql
		..\..\..\OneDrive\Documents\SQL Server Management Studio\DROP_Procedures.sql = ..\..\..\OneDrive\Documents\SQL Server Management Studio\DROP_Procedures.sql
	EndProjectSection
EndProject
Global
	GlobalSection(SolutionConfigurationPlatforms) = preSolution
		Debug|Any CPU = Debug|Any CPU
		Release|Any CPU = Release|Any CPU
	EndGlobalSection
	GlobalSection(ProjectConfigurationPlatforms) = postSolution
		{0C1CB257-FB35-458F-BAF6-B85BED9104D0}.Debug|Any CPU.ActiveCfg = Debug|Any CPU
		{0C1CB257-FB35-458F-BAF6-B85BED9104D0}.Debug|Any CPU.Build.0 = Debug|Any CPU
		{0C1CB257-FB35-458F-BAF6-B85BED9104D0}.Release|Any CPU.ActiveCfg = Release|Any CPU
		{0C1CB257-FB35-458F-BAF6-B85BED9104D0}.Release|Any CPU.Build.0 = Release|Any CPU
		{DC0E8983-18FF-4626-A828-602CCDDC71DD}.Debug|Any CPU.ActiveCfg = Debug|Any CPU
		{DC0E8983-18FF-4626-A828-602CCDDC71DD}.Debug|Any CPU.Build.0 = Debug|Any CPU
		{DC0E8983-18FF-4626-A828-602CCDDC71DD}.Release|Any CPU.ActiveCfg = Release|Any CPU
		{DC0E8983-18FF-4626-A828-602CCDDC71DD}.Release|Any CPU.Build.0 = Release|Any CPU
	EndGlobalSection
	GlobalSection(SolutionProperties) = preSolution
		HideSolutionNode = FALSE
	EndGlobalSection
	GlobalSection(ExtensibilityGlobals) = postSolution
		SolutionGuid = {9E0C8247-A945-4A1B-AA98-3D8C6C6F888A}
	EndGlobalSection
EndGlobal
